
Microsoft Visual Studio Solution File, Format Version 12.00
# Visual Studio Version 17
VisualStudioVersion = 17.8.34525.116
MinimumVisualStudioVersion = 10.0.40219.1
Project("{FAE04EC0-301F-11D3-BF4B-00C04F79EFBC}") = "MPJBS", "MPJBS.csproj", "{CBD6EE82-EA9C-4313-8793-F2B89D4E3319}"
EndProject
Global
	GlobalSection(SolutionConfigurationPlatforms) = preSolution
		Debug|Any CPU = Debug|Any CPU
		Release|Any CPU = Release|Any CPU
	EndGlobalSection
	GlobalSection(ProjectConfigurationPlatforms) = postSolution
		{CBD6EE82-EA9C-4313-8793-F2B89D4E3319}.Debug|Any CPU.ActiveCfg = Debug|Any CPU
		{CBD6EE82-EA9C-4313-8793-F2B89D4E3319}.Debug|Any CPU.Build.0 = Debug|Any CPU
		{CBD6EE82-EA9C-4313-8793-F2B89D4E3319}.Release|Any CPU.ActiveCfg = Release|Any CPU
		{CBD6EE82-EA9C-4313-8793-F2B89D4E3319}.Release|Any CPU.Build.0 = Release|Any CPU
	EndGlobalSection
	GlobalSection(SolutionProperties) = preSolution
		HideSolutionNode = FALSE
	EndGlobalSection
	GlobalSection(ExtensibilityGlobals) = postSolution
		SolutionGuid = {823F322D-A6D7-46B1-B591-55292C360D99}
	EndGlobalSection
EndGlobal
